
Microsoft Visual Studio Solution File, Format Version 12.00
# Visual Studio Version 17
VisualStudioVersion = 17.5.002.0
MinimumVisualStudioVersion = 10.0.40219.1
Project("{2150E333-8FDC-42A3-9474-1A3956D46DE8}") = "csharp-prep", "csharp-prep", "{B75DF6C4-BFEB-4A04-BA12-538CDE50FA41}"
EndProject
Project("{9A19103F-16F7-4668-BE54-9A1E7A4F7556}") = "Prep1", "csharp-prep\Prep1\Prep1.csproj", "{5A614407-3086-4A0F-B5A5-3E424C3846D7}"
EndProject
Project("{9A19103F-16F7-4668-BE54-9A1E7A4F7556}") = "Prep2", "csharp-prep\Prep2\Prep2.csproj", "{1FBB7C8F-8947-4AD9-BCB6-87B810DD5ECF}"
EndProject
Project("{9A19103F-16F7-4668-BE54-9A1E7A4F7556}") = "Prep3", "csharp-prep\Prep3\Prep3.csproj", "{343463C2-837F-409A-B47A-8E30D3B584C8}"
EndProject
Project("{9A19103F-16F7-4668-BE54-9A1E7A4F7556}") = "Prep4", "csharp-prep\Prep4\Prep4.csproj", "{4952ABC0-1AA6-42EA-A613-7CAEC518FA56}"
EndProject
Project("{9A19103F-16F7-4668-BE54-9A1E7A4F7556}") = "Prep5", "csharp-prep\Prep5\Prep5.csproj", "{226ECDDC-C5E8-489C-81ED-E05572345ADE}"
EndProject
Project("{2150E333-8FDC-42A3-9474-1A3956D46DE8}") = "final", "final", "{DECBA0BD-894D-4962-ABBC-D22F38A99709}"
EndProject
Project("{9A19103F-16F7-4668-BE54-9A1E7A4F7556}") = "FinalProject", "final\FinalProject\FinalProject.csproj", "{81893ADF-95DA-4CCC-BAA1-08AEF79F8744}"
EndProject
Project("{9A19103F-16F7-4668-BE54-9A1E7A4F7556}") = "Foundation1", "final\Foundation1\Foundation1.csproj", "{0EF870AA-F067-417D-B92D-D318CB4B7F0A}"
EndProject
Project("{9A19103F-16F7-4668-BE54-9A1E7A4F7556}") = "Foundation2", "final\Foundation2\Foundation2.csproj", "{24192433-8E6B-4BB1-A4E7-38A5550FB8B4}"
EndProject
Project("{9A19103F-16F7-4668-BE54-9A1E7A4F7556}") = "Foundation3", "final\Foundation3\Foundation3.csproj", "{9FFBD2DB-CEC2-41AB-8A97-2F9073E2993E}"
EndProject
Project("{9A19103F-16F7-4668-BE54-9A1E7A4F7556}") = "Foundation4", "final\Foundation4\Foundation4.csproj", "{E5EB3C82-1488-482B-B567-AFD328EA4A0F}"
EndProject
Project("{2150E333-8FDC-42A3-9474-1A3956D46DE8}") = "prepare", "prepare", "{F74E6B64-2F17-47E9-A27D-05F21EC2A7C5}"
EndProject
Project("{9A19103F-16F7-4668-BE54-9A1E7A4F7556}") = "Learning02", "prepare\Learning02\Learning02.csproj", "{3C2F8A7D-0C88-4B84-9929-52F31F1ACFF5}"
EndProject
Project("{9A19103F-16F7-4668-BE54-9A1E7A4F7556}") = "Learning03", "prepare\Learning03\Learning03.csproj", "{7F055765-EF04-4FFC-9632-D578BAA26E1D}"
EndProject
Project("{9A19103F-16F7-4668-BE54-9A1E7A4F7556}") = "Learning04", "prepare\Learning04\Learning04.csproj", "{C0980DE3-5F1E-4736-A0BF-EBE6126D42CC}"
EndProject
Project("{9A19103F-16F7-4668-BE54-9A1E7A4F7556}") = "Learning05", "prepare\Learning05\Learning05.csproj", "{DF0E6779-B1B9-474B-AAD0-A5DB6B472492}"
EndProject
Project("{2150E333-8FDC-42A3-9474-1A3956D46DE8}") = "prove", "prove", "{6913022C-4CC1-49F9-9187-4808ABAEC9CC}"
EndProject
Project("{9A19103F-16F7-4668-BE54-9A1E7A4F7556}") = "Develop02", "prove\Develop02\Develop02.csproj", "{5EA6C089-C88A-4646-A5EC-3942BD28A04B}"
EndProject
Project("{9A19103F-16F7-4668-BE54-9A1E7A4F7556}") = "Develop03", "prove\Develop03\Develop03.csproj", "{7E2A20FF-43B8-42D0-9DC6-3E653084076E}"
EndProject
Project("{9A19103F-16F7-4668-BE54-9A1E7A4F7556}") = "Develop04", "prove\Develop04\Develop04.csproj", "{437AA5AA-D342-484C-BBF9-6C475E37D6FB}"
EndProject
Project("{9A19103F-16F7-4668-BE54-9A1E7A4F7556}") = "Develop05", "prove\Develop05\Develop05.csproj", "{A8178C57-724A-45A4-9709-D0B43E03435A}"
EndProject
Project("{2150E333-8FDC-42A3-9474-1A3956D46DE8}") = "sandbox", "sandbox", "{2263E832-3855-40AD-82B0-6F0ECB75F803}"
EndProject
Project("{9A19103F-16F7-4668-BE54-9A1E7A4F7556}") = "Sandbox", "sandbox\Sandbox\Sandbox.csproj", "{D1F07B6A-F00D-4889-A483-E13956AF85B6}"
EndProject
Global
	GlobalSection(SolutionConfigurationPlatforms) = preSolution
		Debug|Any CPU = Debug|Any CPU
		Release|Any CPU = Release|Any CPU
	EndGlobalSection
	GlobalSection(ProjectConfigurationPlatforms) = postSolution
		{5A614407-3086-4A0F-B5A5-3E424C3846D7}.Debug|Any CPU.ActiveCfg = Debug|Any CPU
		{5A614407-3086-4A0F-B5A5-3E424C3846D7}.Debug|Any CPU.Build.0 = Debug|Any CPU
		{5A614407-3086-4A0F-B5A5-3E424C3846D7}.Release|Any CPU.ActiveCfg = Release|Any CPU
		{5A614407-3086-4A0F-B5A5-3E424C3846D7}.Release|Any CPU.Build.0 = Release|Any CPU
		{1FBB7C8F-8947-4AD9-BCB6-87B810DD5ECF}.Debug|Any CPU.ActiveCfg = Debug|Any CPU
		{1FBB7C8F-8947-4AD9-BCB6-87B810DD5ECF}.Debug|Any CPU.Build.0 = Debug|Any CPU
		{1FBB7C8F-8947-4AD9-BCB6-87B810DD5ECF}.Release|Any CPU.ActiveCfg = Release|Any CPU
		{1FBB7C8F-8947-4AD9-BCB6-87B810DD5ECF}.Release|Any CPU.Build.0 = Release|Any CPU
		{343463C2-837F-409A-B47A-8E30D3B584C8}.Debug|Any CPU.ActiveCfg = Debug|Any CPU
		{343463C2-837F-409A-B47A-8E30D3B584C8}.Debug|Any CPU.Build.0 = Debug|Any CPU
		{343463C2-837F-409A-B47A-8E30D3B584C8}.Release|Any CPU.ActiveCfg = Release|Any CPU
		{343463C2-837F-409A-B47A-8E30D3B584C8}.Release|Any CPU.Build.0 = Release|Any CPU
		{4952ABC0-1AA6-42EA-A613-7CAEC518FA56}.Debug|Any CPU.ActiveCfg = Debug|Any CPU
		{4952ABC0-1AA6-42EA-A613-7CAEC518FA56}.Debug|Any CPU.Build.0 = Debug|Any CPU
		{4952ABC0-1AA6-42EA-A613-7CAEC518FA56}.Release|Any CPU.ActiveCfg = Release|Any CPU
		{4952ABC0-1AA6-42EA-A613-7CAEC518FA56}.Release|Any CPU.Build.0 = Release|Any CPU
		{226ECDDC-C5E8-489C-81ED-E05572345ADE}.Debug|Any CPU.ActiveCfg = Debug|Any CPU
		{226ECDDC-C5E8-489C-81ED-E05572345ADE}.Debug|Any CPU.Build.0 = Debug|Any CPU
		{226ECDDC-C5E8-489C-81ED-E05572345ADE}.Release|Any CPU.ActiveCfg = Release|Any CPU
		{226ECDDC-C5E8-489C-81ED-E05572345ADE}.Release|Any CPU.Build.0 = Release|Any CPU
		{81893ADF-95DA-4CCC-BAA1-08AEF79F8744}.Debug|Any CPU.ActiveCfg = Debug|Any CPU
		{81893ADF-95DA-4CCC-BAA1-08AEF79F8744}.Debug|Any CPU.Build.0 = Debug|Any CPU
		{81893ADF-95DA-4CCC-BAA1-08AEF79F8744}.Release|Any CPU.ActiveCfg = Release|Any CPU
		{81893ADF-95DA-4CCC-BAA1-08AEF79F8744}.Release|Any CPU.Build.0 = Release|Any CPU
		{0EF870AA-F067-417D-B92D-D318CB4B7F0A}.Debug|Any CPU.ActiveCfg = Debug|Any CPU
		{0EF870AA-F067-417D-B92D-D318CB4B7F0A}.Debug|Any CPU.Build.0 = Debug|Any CPU
		{0EF870AA-F067-417D-B92D-D318CB4B7F0A}.Release|Any CPU.ActiveCfg = Release|Any CPU
		{0EF870AA-F067-417D-B92D-D318CB4B7F0A}.Release|Any CPU.Build.0 = Release|Any CPU
		{24192433-8E6B-4BB1-A4E7-38A5550FB8B4}.Debug|Any CPU.ActiveCfg = Debug|Any CPU
		{24192433-8E6B-4BB1-A4E7-38A5550FB8B4}.Debug|Any CPU.Build.0 = Debug|Any CPU
		{24192433-8E6B-4BB1-A4E7-38A5550FB8B4}.Release|Any CPU.ActiveCfg = Release|Any CPU
		{24192433-8E6B-4BB1-A4E7-38A5550FB8B4}.Release|Any CPU.Build.0 = Release|Any CPU
		{9FFBD2DB-CEC2-41AB-8A97-2F9073E2993E}.Debug|Any CPU.ActiveCfg = Debug|Any CPU
		{9FFBD2DB-CEC2-41AB-8A97-2F9073E2993E}.Debug|Any CPU.Build.0 = Debug|Any CPU
		{9FFBD2DB-CEC2-41AB-8A97-2F9073E2993E}.Release|Any CPU.ActiveCfg = Release|Any CPU
		{9FFBD2DB-CEC2-41AB-8A97-2F9073E2993E}.Release|Any CPU.Build.0 = Release|Any CPU
		{E5EB3C82-1488-482B-B567-AFD328EA4A0F}.Debug|Any CPU.ActiveCfg = Debug|Any CPU
		{E5EB3C82-1488-482B-B567-AFD328EA4A0F}.Debug|Any CPU.Build.0 = Debug|Any CPU
		{E5EB3C82-1488-482B-B567-AFD328EA4A0F}.Release|Any CPU.ActiveCfg = Release|Any CPU
		{E5EB3C82-1488-482B-B567-AFD328EA4A0F}.Release|Any CPU.Build.0 = Release|Any CPU
		{3C2F8A7D-0C88-4B84-9929-52F31F1ACFF5}.Debug|Any CPU.ActiveCfg = Debug|Any CPU
		{3C2F8A7D-0C88-4B84-9929-52F31F1ACFF5}.Debug|Any CPU.Build.0 = Debug|Any CPU
		{3C2F8A7D-0C88-4B84-9929-52F31F1ACFF5}.Release|Any CPU.ActiveCfg = Release|Any CPU
		{3C2F8A7D-0C88-4B84-9929-52F31F1ACFF5}.Release|Any CPU.Build.0 = Release|Any CPU
		{7F055765-EF04-4FFC-9632-D578BAA26E1D}.Debug|Any CPU.ActiveCfg = Debug|Any CPU
		{7F055765-EF04-4FFC-9632-D578BAA26E1D}.Debug|Any CPU.Build.0 = Debug|Any CPU
		{7F055765-EF04-4FFC-9632-D578BAA26E1D}.Release|Any CPU.ActiveCfg = Release|Any CPU
		{7F055765-EF04-4FFC-9632-D578BAA26E1D}.Release|Any CPU.Build.0 = Release|Any CPU
		{C0980DE3-5F1E-4736-A0BF-EBE6126D42CC}.Debug|Any CPU.ActiveCfg = Debug|Any CPU
		{C0980DE3-5F1E-4736-A0BF-EBE6126D42CC}.Debug|Any CPU.Build.0 = Debug|Any CPU
		{C0980DE3-5F1E-4736-A0BF-EBE6126D42CC}.Release|Any CPU.ActiveCfg = Release|Any CPU
		{C0980DE3-5F1E-4736-A0BF-EBE6126D42CC}.Release|Any CPU.Build.0 = Release|Any CPU
		{DF0E6779-B1B9-474B-AAD0-A5DB6B472492}.Debug|Any CPU.ActiveCfg = Debug|Any CPU
		{DF0E6779-B1B9-474B-AAD0-A5DB6B472492}.Debug|Any CPU.Build.0 = Debug|Any CPU
		{DF0E6779-B1B9-474B-AAD0-A5DB6B472492}.Release|Any CPU.ActiveCfg = Release|Any CPU
		{DF0E6779-B1B9-474B-AAD0-A5DB6B472492}.Release|Any CPU.Build.0 = Release|Any CPU
		{5EA6C089-C88A-4646-A5EC-3942BD28A04B}.Debug|Any CPU.ActiveCfg = Debug|Any CPU
		{5EA6C089-C88A-4646-A5EC-3942BD28A04B}.Debug|Any CPU.Build.0 = Debug|Any CPU
		{5EA6C089-C88A-4646-A5EC-3942BD28A04B}.Release|Any CPU.ActiveCfg = Release|Any CPU
		{5EA6C089-C88A-4646-A5EC-3942BD28A04B}.Release|Any CPU.Build.0 = Release|Any CPU
		{7E2A20FF-43B8-42D0-9DC6-3E653084076E}.Debug|Any CPU.ActiveCfg = Debug|Any CPU
		{7E2A20FF-43B8-42D0-9DC6-3E653084076E}.Debug|Any CPU.Build.0 = Debug|Any CPU
		{7E2A20FF-43B8-42D0-9DC6-3E653084076E}.Release|Any CPU.ActiveCfg = Release|Any CPU
		{7E2A20FF-43B8-42D0-9DC6-3E653084076E}.Release|Any CPU.Build.0 = Release|Any CPU
		{437AA5AA-D342-484C-BBF9-6C475E37D6FB}.Debug|Any CPU.ActiveCfg = Debug|Any CPU
		{437AA5AA-D342-484C-BBF9-6C475E37D6FB}.Debug|Any CPU.Build.0 = Debug|Any CPU
		{437AA5AA-D342-484C-BBF9-6C475E37D6FB}.Release|Any CPU.ActiveCfg = Release|Any CPU
		{437AA5AA-D342-484C-BBF9-6C475E37D6FB}.Release|Any CPU.Build.0 = Release|Any CPU
		{A8178C57-724A-45A4-9709-D0B43E03435A}.Debug|Any CPU.ActiveCfg = Debug|Any CPU
		{A8178C57-724A-45A4-9709-D0B43E03435A}.Debug|Any CPU.Build.0 = Debug|Any CPU
		{A8178C57-724A-45A4-9709-D0B43E03435A}.Release|Any CPU.ActiveCfg = Release|Any CPU
		{A8178C57-724A-45A4-9709-D0B43E03435A}.Release|Any CPU.Build.0 = Release|Any CPU
		{D1F07B6A-F00D-4889-A483-E13956AF85B6}.Debug|Any CPU.ActiveCfg = Debug|Any CPU
		{D1F07B6A-F00D-4889-A483-E13956AF85B6}.Debug|Any CPU.Build.0 = Debug|Any CPU
		{D1F07B6A-F00D-4889-A483-E13956AF85B6}.Release|Any CPU.ActiveCfg = Release|Any CPU
		{D1F07B6A-F00D-4889-A483-E13956AF85B6}.Release|Any CPU.Build.0 = Release|Any CPU
	EndGlobalSection
	GlobalSection(SolutionProperties) = preSolution
		HideSolutionNode = FALSE
	EndGlobalSection
	GlobalSection(NestedProjects) = preSolution
		{5A614407-3086-4A0F-B5A5-3E424C3846D7} = {B75DF6C4-BFEB-4A04-BA12-538CDE50FA41}
		{1FBB7C8F-8947-4AD9-BCB6-87B810DD5ECF} = {B75DF6C4-BFEB-4A04-BA12-538CDE50FA41}
		{343463C2-837F-409A-B47A-8E30D3B584C8} = {B75DF6C4-BFEB-4A04-BA12-538CDE50FA41}
		{4952ABC0-1AA6-42EA-A613-7CAEC518FA56} = {B75DF6C4-BFEB-4A04-BA12-538CDE50FA41}
		{226ECDDC-C5E8-489C-81ED-E05572345ADE} = {B75DF6C4-BFEB-4A04-BA12-538CDE50FA41}
		{81893ADF-95DA-4CCC-BAA1-08AEF79F8744} = {DECBA0BD-894D-4962-ABBC-D22F38A99709}
		{0EF870AA-F067-417D-B92D-D318CB4B7F0A} = {DECBA0BD-894D-4962-ABBC-D22F38A99709}
		{24192433-8E6B-4BB1-A4E7-38A5550FB8B4} = {DECBA0BD-894D-4962-ABBC-D22F38A99709}
		{9FFBD2DB-CEC2-41AB-8A97-2F9073E2993E} = {DECBA0BD-894D-4962-ABBC-D22F38A99709}
		{E5EB3C82-1488-482B-B567-AFD328EA4A0F} = {DECBA0BD-894D-4962-ABBC-D22F38A99709}
		{3C2F8A7D-0C88-4B84-9929-52F31F1ACFF5} = {F74E6B64-2F17-47E9-A27D-05F21EC2A7C5}
		{7F055765-EF04-4FFC-9632-D578BAA26E1D} = {F74E6B64-2F17-47E9-A27D-05F21EC2A7C5}
		{C0980DE3-5F1E-4736-A0BF-EBE6126D42CC} = {F74E6B64-2F17-47E9-A27D-05F21EC2A7C5}
		{DF0E6779-B1B9-474B-AAD0-A5DB6B472492} = {F74E6B64-2F17-47E9-A27D-05F21EC2A7C5}
		{5EA6C089-C88A-4646-A5EC-3942BD28A04B} = {6913022C-4CC1-49F9-9187-4808ABAEC9CC}
		{7E2A20FF-43B8-42D0-9DC6-3E653084076E} = {6913022C-4CC1-49F9-9187-4808ABAEC9CC}
		{437AA5AA-D342-484C-BBF9-6C475E37D6FB} = {6913022C-4CC1-49F9-9187-4808ABAEC9CC}
		{A8178C57-724A-45A4-9709-D0B43E03435A} = {6913022C-4CC1-49F9-9187-4808ABAEC9CC}
		{D1F07B6A-F00D-4889-A483-E13956AF85B6} = {2263E832-3855-40AD-82B0-6F0ECB75F803}
	EndGlobalSection
	GlobalSection(ExtensibilityGlobals) = postSolution
		SolutionGuid = {87B9D225-2105-4B92-85E0-62090D4F8967}
	EndGlobalSection
EndGlobal
